
Microsoft Visual Studio Solution File, Format Version 12.00
# Visual Studio Version 17
VisualStudioVersion = 17.6.33815.320
MinimumVisualStudioVersion = 10.0.40219.1
Project("{9A19103F-16F7-4668-BE54-9A1E7A4F7556}") = "PostLand.Domain", "PostLand.Domain\PostLand.Domain.csproj", "{15B52313-0026-4EEE-9237-D6A0FCAE0895}"
EndProject
Project("{2150E333-8FDC-42A3-9474-1A3956D46DE8}") = "Api", "Api", "{F60EB687-CC52-4195-87D4-AB8DAC269DE0}"
EndProject
Project("{2150E333-8FDC-42A3-9474-1A3956D46DE8}") = "Core", "Core", "{AFF7632F-53C3-4B44-9614-53DB4ACDDE89}"
EndProject
Project("{2150E333-8FDC-42A3-9474-1A3956D46DE8}") = "Infrastructure", "Infrastructure", "{CFF3D08C-51B2-4674-9E56-01526A0D34E4}"
EndProject
Project("{2150E333-8FDC-42A3-9474-1A3956D46DE8}") = "Ui", "Ui", "{29D513EF-F790-461F-A589-E7DED5DECF08}"
EndProject
Project("{9A19103F-16F7-4668-BE54-9A1E7A4F7556}") = "PostLand.Application", "PostLand.Application\PostLand.Application.csproj", "{3C295DD1-66BC-4FC0-BDE0-2D72D822E3FB}"
EndProject
Project("{9A19103F-16F7-4668-BE54-9A1E7A4F7556}") = "PostLand.Persitence", "PostLand.Persitence\PostLand.Persitence.csproj", "{56CF9947-550D-4D56-83FB-03BE6FBAB4ED}"
EndProject
Project("{9A19103F-16F7-4668-BE54-9A1E7A4F7556}") = "PostLand.Api", "PostLand.Api\PostLand.Api.csproj", "{49A5AADD-4B72-48CC-8A9D-E316AE4B09C5}"
EndProject
Project("{2150E333-8FDC-42A3-9474-1A3956D46DE8}") = "ApiGateway", "ApiGateway", "{22AF1275-A831-464C-BF66-30035DDDD02B}"
EndProject
Project("{2150E333-8FDC-42A3-9474-1A3956D46DE8}") = "Services", "Services", "{124D334F-C0C0-49E4-8560-17875BBEC4F9}"
EndProject
Project("{2150E333-8FDC-42A3-9474-1A3956D46DE8}") = "PostLand", "PostLand", "{AF00ACE0-8643-4E7E-81BA-274E98988005}"
EndProject
Project("{FAE04EC0-301F-11D3-BF4B-00C04F79EFBC}") = "ApiGateway", "ApiGateway\ApiGateway.csproj", "{A2AFBE95-2E5A-4CF9-AA5A-5C6385F9254A}"
EndProject
Global
	GlobalSection(SolutionConfigurationPlatforms) = preSolution
		Debug|Any CPU = Debug|Any CPU
		Release|Any CPU = Release|Any CPU
	EndGlobalSection
	GlobalSection(ProjectConfigurationPlatforms) = postSolution
		{15B52313-0026-4EEE-9237-D6A0FCAE0895}.Debug|Any CPU.ActiveCfg = Debug|Any CPU
		{15B52313-0026-4EEE-9237-D6A0FCAE0895}.Debug|Any CPU.Build.0 = Debug|Any CPU
		{15B52313-0026-4EEE-9237-D6A0FCAE0895}.Release|Any CPU.ActiveCfg = Release|Any CPU
		{15B52313-0026-4EEE-9237-D6A0FCAE0895}.Release|Any CPU.Build.0 = Release|Any CPU
		{3C295DD1-66BC-4FC0-BDE0-2D72D822E3FB}.Debug|Any CPU.ActiveCfg = Debug|Any CPU
		{3C295DD1-66BC-4FC0-BDE0-2D72D822E3FB}.Debug|Any CPU.Build.0 = Debug|Any CPU
		{3C295DD1-66BC-4FC0-BDE0-2D72D822E3FB}.Release|Any CPU.ActiveCfg = Release|Any CPU
		{3C295DD1-66BC-4FC0-BDE0-2D72D822E3FB}.Release|Any CPU.Build.0 = Release|Any CPU
		{56CF9947-550D-4D56-83FB-03BE6FBAB4ED}.Debug|Any CPU.ActiveCfg = Debug|Any CPU
		{56CF9947-550D-4D56-83FB-03BE6FBAB4ED}.Debug|Any CPU.Build.0 = Debug|Any CPU
		{56CF9947-550D-4D56-83FB-03BE6FBAB4ED}.Release|Any CPU.ActiveCfg = Release|Any CPU
		{56CF9947-550D-4D56-83FB-03BE6FBAB4ED}.Release|Any CPU.Build.0 = Release|Any CPU
		{49A5AADD-4B72-48CC-8A9D-E316AE4B09C5}.Debug|Any CPU.ActiveCfg = Debug|Any CPU
		{49A5AADD-4B72-48CC-8A9D-E316AE4B09C5}.Debug|Any CPU.Build.0 = Debug|Any CPU
		{49A5AADD-4B72-48CC-8A9D-E316AE4B09C5}.Release|Any CPU.ActiveCfg = Release|Any CPU
		{49A5AADD-4B72-48CC-8A9D-E316AE4B09C5}.Release|Any CPU.Build.0 = Release|Any CPU
		{A2AFBE95-2E5A-4CF9-AA5A-5C6385F9254A}.Debug|Any CPU.ActiveCfg = Debug|Any CPU
		{A2AFBE95-2E5A-4CF9-AA5A-5C6385F9254A}.Debug|Any CPU.Build.0 = Debug|Any CPU
		{A2AFBE95-2E5A-4CF9-AA5A-5C6385F9254A}.Release|Any CPU.ActiveCfg = Release|Any CPU
		{A2AFBE95-2E5A-4CF9-AA5A-5C6385F9254A}.Release|Any CPU.Build.0 = Release|Any CPU
	EndGlobalSection
	GlobalSection(SolutionProperties) = preSolution
		HideSolutionNode = FALSE
	EndGlobalSection
	GlobalSection(NestedProjects) = preSolution
		{15B52313-0026-4EEE-9237-D6A0FCAE0895} = {AFF7632F-53C3-4B44-9614-53DB4ACDDE89}
		{F60EB687-CC52-4195-87D4-AB8DAC269DE0} = {AF00ACE0-8643-4E7E-81BA-274E98988005}
		{AFF7632F-53C3-4B44-9614-53DB4ACDDE89} = {AF00ACE0-8643-4E7E-81BA-274E98988005}
		{CFF3D08C-51B2-4674-9E56-01526A0D34E4} = {AF00ACE0-8643-4E7E-81BA-274E98988005}
		{29D513EF-F790-461F-A589-E7DED5DECF08} = {AF00ACE0-8643-4E7E-81BA-274E98988005}
		{3C295DD1-66BC-4FC0-BDE0-2D72D822E3FB} = {AFF7632F-53C3-4B44-9614-53DB4ACDDE89}
		{56CF9947-550D-4D56-83FB-03BE6FBAB4ED} = {CFF3D08C-51B2-4674-9E56-01526A0D34E4}
		{49A5AADD-4B72-48CC-8A9D-E316AE4B09C5} = {F60EB687-CC52-4195-87D4-AB8DAC269DE0}
		{AF00ACE0-8643-4E7E-81BA-274E98988005} = {124D334F-C0C0-49E4-8560-17875BBEC4F9}
		{A2AFBE95-2E5A-4CF9-AA5A-5C6385F9254A} = {22AF1275-A831-464C-BF66-30035DDDD02B}
	EndGlobalSection
	GlobalSection(ExtensibilityGlobals) = postSolution
		SolutionGuid = {21DF4B32-025D-40D8-A540-561BD7F38967}
	EndGlobalSection
EndGlobal
