
Microsoft Visual Studio Solution File, Format Version 12.00
# Visual Studio Version 17
VisualStudioVersion = 17.6.33815.320
MinimumVisualStudioVersion = 10.0.40219.1
Project("{2150E333-8FDC-42A3-9474-1A3956D46DE8}") = "Api", "Api", "{F60EB687-CC52-4195-87D4-AB8DAC269DE0}"
EndProject
Project("{2150E333-8FDC-42A3-9474-1A3956D46DE8}") = "Core", "Core", "{AFF7632F-53C3-4B44-9614-53DB4ACDDE89}"
EndProject
Project("{2150E333-8FDC-42A3-9474-1A3956D46DE8}") = "Infrastructure", "Infrastructure", "{CFF3D08C-51B2-4674-9E56-01526A0D34E4}"
EndProject
Project("{2150E333-8FDC-42A3-9474-1A3956D46DE8}") = "Ui", "Ui", "{29D513EF-F790-461F-A589-E7DED5DECF08}"
EndProject
Project("{2150E333-8FDC-42A3-9474-1A3956D46DE8}") = "ApiGateway", "ApiGateway", "{22AF1275-A831-464C-BF66-30035DDDD02B}"
EndProject
Project("{2150E333-8FDC-42A3-9474-1A3956D46DE8}") = "Services", "Services", "{124D334F-C0C0-49E4-8560-17875BBEC4F9}"
EndProject
Project("{2150E333-8FDC-42A3-9474-1A3956D46DE8}") = "PostLand", "PostLand", "{AF00ACE0-8643-4E7E-81BA-274E98988005}"
EndProject
Project("{9A19103F-16F7-4668-BE54-9A1E7A4F7556}") = "ApiGateway", "ApiGateway\ApiGateway.csproj", "{A2AFBE95-2E5A-4CF9-AA5A-5C6385F9254A}"
EndProject
Project("{9A19103F-16F7-4668-BE54-9A1E7A4F7556}") = "PostLand.Api", "services\PostLand\PostLand.Api\PostLand.Api.csproj", "{AA76643A-A2AC-448F-AE48-BADC556A5BA2}"
EndProject
Project("{9A19103F-16F7-4668-BE54-9A1E7A4F7556}") = "PostLand.Application", "services\PostLand\PostLand.Application\PostLand.Application.csproj", "{990B520F-68AD-46FD-87D6-82D676A88483}"
EndProject
Project("{9A19103F-16F7-4668-BE54-9A1E7A4F7556}") = "PostLand.Domain", "services\PostLand\PostLand.Domain\PostLand.Domain.csproj", "{14FD4E43-A9FB-4995-B162-008A74228794}"
EndProject
Project("{9A19103F-16F7-4668-BE54-9A1E7A4F7556}") = "PostLand.Persitence", "services\PostLand\PostLand.Persitence\PostLand.Persitence.csproj", "{EF3696BE-EC97-42A2-A866-01829588A764}"
EndProject
Global
	GlobalSection(SolutionConfigurationPlatforms) = preSolution
		Debug|Any CPU = Debug|Any CPU
		Release|Any CPU = Release|Any CPU
	EndGlobalSection
	GlobalSection(ProjectConfigurationPlatforms) = postSolution
		{A2AFBE95-2E5A-4CF9-AA5A-5C6385F9254A}.Debug|Any CPU.ActiveCfg = Debug|Any CPU
		{A2AFBE95-2E5A-4CF9-AA5A-5C6385F9254A}.Debug|Any CPU.Build.0 = Debug|Any CPU
		{A2AFBE95-2E5A-4CF9-AA5A-5C6385F9254A}.Release|Any CPU.ActiveCfg = Release|Any CPU
		{A2AFBE95-2E5A-4CF9-AA5A-5C6385F9254A}.Release|Any CPU.Build.0 = Release|Any CPU
		{AA76643A-A2AC-448F-AE48-BADC556A5BA2}.Debug|Any CPU.ActiveCfg = Debug|Any CPU
		{AA76643A-A2AC-448F-AE48-BADC556A5BA2}.Debug|Any CPU.Build.0 = Debug|Any CPU
		{AA76643A-A2AC-448F-AE48-BADC556A5BA2}.Release|Any CPU.ActiveCfg = Release|Any CPU
		{AA76643A-A2AC-448F-AE48-BADC556A5BA2}.Release|Any CPU.Build.0 = Release|Any CPU
		{990B520F-68AD-46FD-87D6-82D676A88483}.Debug|Any CPU.ActiveCfg = Debug|Any CPU
		{990B520F-68AD-46FD-87D6-82D676A88483}.Debug|Any CPU.Build.0 = Debug|Any CPU
		{990B520F-68AD-46FD-87D6-82D676A88483}.Release|Any CPU.ActiveCfg = Release|Any CPU
		{990B520F-68AD-46FD-87D6-82D676A88483}.Release|Any CPU.Build.0 = Release|Any CPU
		{14FD4E43-A9FB-4995-B162-008A74228794}.Debug|Any CPU.ActiveCfg = Debug|Any CPU
		{14FD4E43-A9FB-4995-B162-008A74228794}.Debug|Any CPU.Build.0 = Debug|Any CPU
		{14FD4E43-A9FB-4995-B162-008A74228794}.Release|Any CPU.ActiveCfg = Release|Any CPU
		{14FD4E43-A9FB-4995-B162-008A74228794}.Release|Any CPU.Build.0 = Release|Any CPU
		{EF3696BE-EC97-42A2-A866-01829588A764}.Debug|Any CPU.ActiveCfg = Debug|Any CPU
		{EF3696BE-EC97-42A2-A866-01829588A764}.Debug|Any CPU.Build.0 = Debug|Any CPU
		{EF3696BE-EC97-42A2-A866-01829588A764}.Release|Any CPU.ActiveCfg = Release|Any CPU
		{EF3696BE-EC97-42A2-A866-01829588A764}.Release|Any CPU.Build.0 = Release|Any CPU
	EndGlobalSection
	GlobalSection(SolutionProperties) = preSolution
		HideSolutionNode = FALSE
	EndGlobalSection
	GlobalSection(NestedProjects) = preSolution
		{F60EB687-CC52-4195-87D4-AB8DAC269DE0} = {AF00ACE0-8643-4E7E-81BA-274E98988005}
		{AFF7632F-53C3-4B44-9614-53DB4ACDDE89} = {AF00ACE0-8643-4E7E-81BA-274E98988005}
		{CFF3D08C-51B2-4674-9E56-01526A0D34E4} = {AF00ACE0-8643-4E7E-81BA-274E98988005}
		{29D513EF-F790-461F-A589-E7DED5DECF08} = {AF00ACE0-8643-4E7E-81BA-274E98988005}
		{AF00ACE0-8643-4E7E-81BA-274E98988005} = {124D334F-C0C0-49E4-8560-17875BBEC4F9}
		{A2AFBE95-2E5A-4CF9-AA5A-5C6385F9254A} = {22AF1275-A831-464C-BF66-30035DDDD02B}
		{AA76643A-A2AC-448F-AE48-BADC556A5BA2} = {F60EB687-CC52-4195-87D4-AB8DAC269DE0}
		{990B520F-68AD-46FD-87D6-82D676A88483} = {AFF7632F-53C3-4B44-9614-53DB4ACDDE89}
		{14FD4E43-A9FB-4995-B162-008A74228794} = {AFF7632F-53C3-4B44-9614-53DB4ACDDE89}
		{EF3696BE-EC97-42A2-A866-01829588A764} = {CFF3D08C-51B2-4674-9E56-01526A0D34E4}
	EndGlobalSection
	GlobalSection(ExtensibilityGlobals) = postSolution
		SolutionGuid = {21DF4B32-025D-40D8-A540-561BD7F38967}
	EndGlobalSection
EndGlobal
